
Microsoft Visual Studio Solution File, Format Version 12.00
# Visual Studio Version 16
VisualStudioVersion = 16.0.29411.108
MinimumVisualStudioVersion = 10.0.40219.1
Project("{FAE04EC0-301F-11D3-BF4B-00C04F79EFBC}") = "Documentos", "Documentos.csproj", "{BA9DD694-5C6B-4C35-80D7-4EC2C78BB056}"
EndProject
Global
	GlobalSection(SolutionConfigurationPlatforms) = preSolution
		Debug|Any CPU = Debug|Any CPU
		Release|Any CPU = Release|Any CPU
	EndGlobalSection
	GlobalSection(ProjectConfigurationPlatforms) = postSolution
		{BA9DD694-5C6B-4C35-80D7-4EC2C78BB056}.Debug|Any CPU.ActiveCfg = Debug|Any CPU
		{BA9DD694-5C6B-4C35-80D7-4EC2C78BB056}.Debug|Any CPU.Build.0 = Debug|Any CPU
		{BA9DD694-5C6B-4C35-80D7-4EC2C78BB056}.Release|Any CPU.ActiveCfg = Release|Any CPU
		{BA9DD694-5C6B-4C35-80D7-4EC2C78BB056}.Release|Any CPU.Build.0 = Release|Any CPU
	EndGlobalSection
	GlobalSection(SolutionProperties) = preSolution
		HideSolutionNode = FALSE
	EndGlobalSection
	GlobalSection(ExtensibilityGlobals) = postSolution
		SolutionGuid = {4404602D-4EEC-49F4-8C2F-5B9F2F9A1BE3}
	EndGlobalSection
EndGlobal
